PODS:
  - AMap3DMap (8.1.0):
    - AMapFoundation (~> 1.6.9)
  - amap_flutter_map (0.0.1):
    - AMap3DMap
    - AMapSearch
    - Flutter
    - MJExtension
  - AMapFoundation (1.6.9)
  - AMapSearch (9.2.0):
    - AMapFoundation (~> 1.6.9)
  - Flutter (1.0.0)
  - MJExtension (3.4.1)
  - "permission_handler (5.1.0+2)":
    - Flutter

DEPENDENCIES:
  - amap_flutter_map (from `.symlinks/plugins/amap_flutter_map/ios`)
  - Flutter (from `Flutter`)
  - permission_handler (from `.symlinks/plugins/permission_handler/ios`)

SPEC REPOS:
  trunk:
    - AMap3DMap
    - AMapFoundation
    - AMapSearch
    - MJExtension

EXTERNAL SOURCES:
  amap_flutter_map:
    :path: ".symlinks/plugins/amap_flutter_map/ios"
  Flutter:
    :path: Flutter
  permission_handler:
    :path: ".symlinks/plugins/permission_handler/ios"

SPEC CHECKSUMS:
  AMap3DMap: 135eaaf64a29aeb2f0bca07670db26fbf3271245
  amap_flutter_map: 658e95ad8171779e945063c58520bed6db7f1b35
  AMapFoundation: 8d8ecbb0b2e9ce5487995360d26c885d94642bfd
  AMapSearch: b461cdf25b39cdca8957017de2f376cd1ac5da85
  Flutter: f04841e97a9d0b0a8025694d0796dd46242b2854
  MJExtension: 21c5f6f8c4d5d8844b7ae8fbae08fed0b501f961
  permission_handler: ccb20a9fad0ee9b1314a52b70b76b473c5f8dab0

PODFILE CHECKSUM: 663715e941f9adb426e33bf9376914006f9ea95b

COCOAPODS: 1.12.0
